Microsoft Visual Studio Solution File, Format Version 12.00
# Visual Studio Version 17
VisualStudioVersion = 17.5.2.0
MinimumVisualStudioVersion = 10.0.40219.1
Project("{FAE04EC0-301F-11D3-BF4B-00C04F79EFBC}") = "EclinicalSol.Tests", "EclinicalSol.Tests.csproj", "{0D486995-1E62-48C9-82DD-320A42894262}"
EndProject
Global
	GlobalSection(SolutionConfigurationPlatforms) = preSolution
		Debug|Any CPU = Debug|Any CPU
		Release|Any CPU = Release|Any CPU
	EndGlobalSection
	GlobalSection(ProjectConfigurationPlatforms) = postSolution
		{0D486995-1E62-48C9-82DD-320A42894262}.Debug|Any CPU.ActiveCfg = Debug|Any CPU
		{0D486995-1E62-48C9-82DD-320A42894262}.Debug|Any CPU.Build.0 = Debug|Any CPU
		{0D486995-1E62-48C9-82DD-320A42894262}.Release|Any CPU.ActiveCfg = Release|Any CPU
		{0D486995-1E62-48C9-82DD-320A42894262}.Release|Any CPU.Build.0 = Release|Any CPU
	EndGlobalSection
	GlobalSection(SolutionProperties) = preSolution
		HideSolutionNode = FALSE
	EndGlobalSection
	GlobalSection(ExtensibilityGlobals) = postSolution
		SolutionGuid = {EF7BB826-6D3C-4C4D-9CA7-33516B5E77B2}
	EndGlobalSection
EndGlobal
